{
  "version": "2",
  "remote": {
    "https://deno.land/std@0.128.0/datetime/formatter.ts": "7c8e6d16a0950f400aef41b9f1eb9168249869776ec520265dfda785d746589e",
    "https://deno.land/std@0.128.0/datetime/mod.ts": "27aae0c61818132e61f02bbce8418e938a974694dc08e791301e374cc00822c2",
    "https://deno.land/std@0.128.0/datetime/tokenizer.ts": "7381e28f6ab51cb504c7e132be31773d73ef2f3e1e50a812736962b9df1e8c47",
    "https://deno.land/std@0.138.0/fmt/colors.ts": "30455035d6d728394781c10755351742dd731e3db6771b1843f9b9e490104d37",
    "https://deno.land/std@0.145.0/_util/assert.ts": "e94f2eb37cebd7f199952e242c77654e43333c1ac4c5c700e929ea3aa5489f74",
    "https://deno.land/std@0.145.0/flags/mod.ts": "387fd528c1c518eec8eb58ae886b15d3dabab27985e55e886c10ae37a540c6ee",
    "https://deno.land/std@0.161.0/fmt/colors.ts": "9e36a716611dcd2e4865adea9c4bec916b5c60caad4cdcdc630d4974e6bb8bd4",
    "https://deno.land/std@0.165.0/_util/asserts.ts": "d0844e9b62510f89ce1f9878b046f6a57bf88f208a10304aab50efcb48365272",
    "https://deno.land/std@0.165.0/datetime/formatter.ts": "7c8e6d16a0950f400aef41b9f1eb9168249869776ec520265dfda785d746589e",
    "https://deno.land/std@0.165.0/datetime/mod.ts": "ea927ca96dfb28c7b9a5eed5bdc7ac46bb9db38038c4922631895cea342fea87",
    "https://deno.land/std@0.165.0/datetime/tokenizer.ts": "7381e28f6ab51cb504c7e132be31773d73ef2f3e1e50a812736962b9df1e8c47",
    "https://deno.land/std@0.165.0/flags/mod.ts": "3b459daf581e047819b6b799c92b96c81b4eecbd5ea025643d54dc0abc6ac923",
    "https://deno.land/x/cliffy@v0.24.2/_utils/distance.ts": "02af166952c7c358ac83beae397aa2fbca4ad630aecfcd38d92edb1ea429f004",
    "https://deno.land/x/cliffy@v0.24.2/command/_errors.ts": "979a5d3f91b9da60a5871a14c4d7aa88ad4e3258da2df7b83bf40d00949ca944",
    "https://deno.land/x/cliffy@v0.24.2/command/_utils.ts": "a17433eaa5fa2931a78590c6ee146129446992214a9483328b321cabd106ed42",
    "https://deno.land/x/cliffy@v0.24.2/command/command.ts": "a8a8db0e003c2fde85313ecbaf094502a867ec1229b99eacbdc357b6c0eb7a74",
    "https://deno.land/x/cliffy@v0.24.2/command/completions/_bash_completions_generator.ts": "038f70cdf8a84f851984b8aec3e63fe1b4c96455dd34b8b0bc49f2ef97996c00",
    "https://deno.land/x/cliffy@v0.24.2/command/completions/_fish_completions_generator.ts": "be4bc20ec11be0248aa3cb2c1451ed4c25433682aa8dc0563e1a7e0a44935d14",
    "https://deno.land/x/cliffy@v0.24.2/command/completions/_zsh_completions_generator.ts": "532a5e4ca81e1582dc75047cffaefe4c314f6110cb63089a0a8ab315e251fbd3",
    "https://deno.land/x/cliffy@v0.24.2/command/completions/bash.ts": "774e6be686d245f783d65b06d6822af1bff303beb19490b29a0e0f781556cfad",
    "https://deno.land/x/cliffy@v0.24.2/command/completions/complete.ts": "626594088e026e9248fcba8b1b3c8076afd964475f63f294223d337c61cf1665",
    "https://deno.land/x/cliffy@v0.24.2/command/completions/fish.ts": "c2f353f361c77bbce53e2a8bf064955b028ef6dc0eecca01a7d1f64397b61304",
    "https://deno.land/x/cliffy@v0.24.2/command/completions/mod.ts": "2b32933e152628268bfed59bd3091f8d23fbda59ee4e09f4d3de7740c7482fc2",
    "https://deno.land/x/cliffy@v0.24.2/command/completions/zsh.ts": "3eb1bfcfb7c1e4dd35b1d2e34a37c2a44a4dc54fdd8a8e4dcb5f933ad193202b",
    "https://deno.land/x/cliffy@v0.24.2/command/deps.ts": "84d3beaf8232c73cc62397402ec255db956598c9b7658f244292b34bd2ce5359",
    "https://deno.land/x/cliffy@v0.24.2/command/help/_help_generator.ts": "e41b9513f0a8cf55dda713a5e10579835696450aaebfb6517efbb828802cacf9",
    "https://deno.land/x/cliffy@v0.24.2/command/help/mod.ts": "01dd638a19ec6fce52317b3398201747d1e1d7ba4352b9a0aed084c7abe5d195",
    "https://deno.land/x/cliffy@v0.24.2/command/mod.ts": "d2da7a3d171a7737173525815d7dbe2e3dad3b20f2283385d99b78b5381a8bb5",
    "https://deno.land/x/cliffy@v0.24.2/command/type.ts": "2c0e15a618e8c71c7d2654a3cc819ba50b5f4f11828e84210112801363db880d",
    "https://deno.land/x/cliffy@v0.24.2/command/types.ts": "f08e0b7846b4571f1e3d3dd4ef4e8e53aa398f4b66d0f833b5817689054b49c7",
    "https://deno.land/x/cliffy@v0.24.2/command/types/action_list.ts": "33c98d449617c7a563a535c9ceb3741bde9f6363353fd492f90a74570c611c27",
    "https://deno.land/x/cliffy@v0.24.2/command/types/boolean.ts": "bf0fbaacbd79398f4f4a832437a8ac49f34f12fe42b8b44dca68ad23cd7b02e8",
    "https://deno.land/x/cliffy@v0.24.2/command/types/child_command.ts": "f1fca390c7fbfa7a713ca15ef55c2c7656bcbb394d50e8ef54085bdf6dc22559",
    "https://deno.land/x/cliffy@v0.24.2/command/types/command.ts": "325d0382e383b725fd8d0ef34ebaeae082c5b76a1f6f2e843fee5dbb1a4fe3ac",
    "https://deno.land/x/cliffy@v0.24.2/command/types/enum.ts": "a6e805eed88efe1866fa76cd102844a79a9bbe5590e557465f30082c6e383283",
    "https://deno.land/x/cliffy@v0.24.2/command/types/file.ts": "8618f16ac9015c8589cbd946b3de1988cc4899b90ea251f3325c93c46745140e",
    "https://deno.land/x/cliffy@v0.24.2/command/types/integer.ts": "b49ef8c43fe59ccf67e792c72ff350520dab08c9bd552eff004e134f292daa06",
    "https://deno.land/x/cliffy@v0.24.2/command/types/number.ts": "32c3d1decf3b8d9dfa10b0027b07e9c6753c0059d1ccf2d1d768b879d05e0d3e",
    "https://deno.land/x/cliffy@v0.24.2/command/types/string.ts": "e415dd7bce1b4d0ac4417e370a41a8c7a476f78cb19bf4a757ba11da343f344c",
    "https://deno.land/x/cliffy@v0.24.2/command/upgrade/mod.ts": "17e2df3b620905583256684415e6c4a31e8de5c59066eb6d6c9c133919292dc4",
    "https://deno.land/x/cliffy@v0.24.2/command/upgrade/provider.ts": "c6e8e0b8dc91359ece92f73061a218a8384790c29bc48feece9e81f5048611e7",
    "https://deno.land/x/cliffy@v0.24.2/command/upgrade/provider/deno_land.ts": "24f8d82e38c51e09be989f30f8ad21f9dd41ac1bb1973b443a13883e8ba06d6d",
    "https://deno.land/x/cliffy@v0.24.2/command/upgrade/provider/github.ts": "666f43d7ee687d90da42f1ab105c27f8f953db452f9a6bb88e68852cc813ad08",
    "https://deno.land/x/cliffy@v0.24.2/command/upgrade/provider/nest_land.ts": "0e07936cea04fa41ac9297f32d87f39152ea873970c54cb5b4934b12fee1885e",
    "https://deno.land/x/cliffy@v0.24.2/command/upgrade/upgrade_command.ts": "f3702efebd89e58aa55cd861f3e63533ee1307ef892fa07f7602a88a7348f0f2",
    "https://deno.land/x/cliffy@v0.24.2/flags/_errors.ts": "2e6754a96f8df8a2c23da477388eb426b24090e4cc4140220643ba2590d02136",
    "https://deno.land/x/cliffy@v0.24.2/flags/_utils.ts": "85c81dc298b09d616921b0837331f1d2e0b069e6c8e432dc26af74d579eb8967",
    "https://deno.land/x/cliffy@v0.24.2/flags/flags.ts": "41462db9188563cfe702b7237a25e8ee805c4c233c13a56750304ac64453122c",
    "https://deno.land/x/cliffy@v0.24.2/flags/types.ts": "c1ccc9574c69a0a3120f2464a5667b7169b6e3784f415aa3d5ca09cb36af653a",
    "https://deno.land/x/cliffy@v0.24.2/flags/types/boolean.ts": "3a80c2332c2f2f58427774cd0ed15b773be2c6bab6323ab4085ac7eaed9fe021",
    "https://deno.land/x/cliffy@v0.24.2/flags/types/integer.ts": "931b6c9f748a839ad304d60851159ebe3f26ccea50fb0907925a94e93772acaf",
    "https://deno.land/x/cliffy@v0.24.2/flags/types/number.ts": "ace1b124c644f4fac2a7bf781fafe3f8a32528b22ec939a3291424a313c8e301",
    "https://deno.land/x/cliffy@v0.24.2/flags/types/string.ts": "2764413b7f86962152fd0ac3edf5107b94cb6ae8a237243d65c3a2eb2073d624",
    "https://deno.land/x/cliffy@v0.24.2/flags/validate_flags.ts": "2d04bfc90c4675e868002ab6b4df3283c32f8b2bd5b7a487d54fdc429f1b59c8",
    "https://deno.land/x/cliffy@v0.24.2/table/border.ts": "2514abae4e4f51eda60a5f8c927ba24efd464a590027e900926b38f68e01253c",
    "https://deno.land/x/cliffy@v0.24.2/table/cell.ts": "1d787d8006ac8302020d18ec39f8d7f1113612c20801b973e3839de9c3f8b7b3",
    "https://deno.land/x/cliffy@v0.24.2/table/deps.ts": "45592ed006efadd7708ea5201bb427cffb8a717176ea202040a8ea863200898e",
    "https://deno.land/x/cliffy@v0.24.2/table/layout.ts": "ca9d5159b73f76b98d51feb0286281166a964e4411c087a0c00103035b1ba1dc",
    "https://deno.land/x/cliffy@v0.24.2/table/row.ts": "707c8f9c71f28e7ded22a053c13c0988a9598eec0a9e2a7aea7d15cad64d3cfe",
    "https://deno.land/x/cliffy@v0.24.2/table/table.ts": "3905c40d030626faab87a3e2e24982382c0d4c11eccae829a9e04db94d29e3e9",
    "https://deno.land/x/cliffy@v0.24.2/table/utils.ts": "187bb7dcbcfb16199a5d906113f584740901dfca1007400cba0df7dcd341bc29",
    "https://deno.land/x/cliffy@v0.25.4/_utils/distance.ts": "02af166952c7c358ac83beae397aa2fbca4ad630aecfcd38d92edb1ea429f004",
    "https://deno.land/x/cliffy@v0.25.4/command/_errors.ts": "4fa6e1fa7d363a6ba20c401970da4634bca5a5352ece7005accc706a57407ae3",
    "https://deno.land/x/cliffy@v0.25.4/command/_utils.ts": "833aa9152bd36a610860261a6c4a2a3be4c31dbc10c24d076e75d09a9fa50d39",
    "https://deno.land/x/cliffy@v0.25.4/command/command.ts": "d51522506acad3a2424a7ba6d9dc98ccb622a68babcf152e116c0e104ad242bc",
    "https://deno.land/x/cliffy@v0.25.4/command/deps.ts": "e57c24e1d4b44b2905cf168050a2a13dbb0642217e99098e49d9cb5ad28a4749",
    "https://deno.land/x/cliffy@v0.25.4/command/help/_help_generator.ts": "10d0192727b97354e5fedca28418df94d9bee09253f3afe5196e1285c5e987cc",
    "https://deno.land/x/cliffy@v0.25.4/command/type.ts": "24e88e3085e1574662b856ccce70d589959648817135d4469fab67b9cce1b364",
    "https://deno.land/x/cliffy@v0.25.4/command/types.ts": "e2a76044de0cbbb46f8beaf8dac50eae41c427ee4acbfd0248d887fb40e226d2",
    "https://deno.land/x/cliffy@v0.25.4/command/types/boolean.ts": "3879ec16092b4b5b1a0acb8675f8c9250c0b8a972e1e4c7adfba8335bd2263ed",
    "https://deno.land/x/cliffy@v0.25.4/command/types/enum.ts": "2178345972adf7129a47e5f02856ca3e6852a91442a1c78307dffb8a6a3c6c9f",
    "https://deno.land/x/cliffy@v0.25.4/command/types/file.ts": "8618f16ac9015c8589cbd946b3de1988cc4899b90ea251f3325c93c46745140e",
    "https://deno.land/x/cliffy@v0.25.4/command/types/integer.ts": "29864725fd48738579d18123d7ee78fed37515e6dc62146c7544c98a82f1778d",
    "https://deno.land/x/cliffy@v0.25.4/command/types/number.ts": "aeba96e6f470309317a16b308c82e0e4138a830ec79c9877e4622c682012bc1f",
    "https://deno.land/x/cliffy@v0.25.4/command/types/string.ts": "e4dadb08a11795474871c7967beab954593813bb53d9f69ea5f9b734e43dc0e0",
    "https://deno.land/x/cliffy@v0.25.4/command/upgrade/mod.ts": "17e2df3b620905583256684415e6c4a31e8de5c59066eb6d6c9c133919292dc4",
    "https://deno.land/x/cliffy@v0.25.4/command/upgrade/provider.ts": "c6e8e0b8dc91359ece92f73061a218a8384790c29bc48feece9e81f5048611e7",
    "https://deno.land/x/cliffy@v0.25.4/command/upgrade/provider/deno_land.ts": "24f8d82e38c51e09be989f30f8ad21f9dd41ac1bb1973b443a13883e8ba06d6d",
    "https://deno.land/x/cliffy@v0.25.4/command/upgrade/provider/github.ts": "666f43d7ee687d90da42f1ab105c27f8f953db452f9a6bb88e68852cc813ad08",
    "https://deno.land/x/cliffy@v0.25.4/command/upgrade/provider/nest_land.ts": "0e07936cea04fa41ac9297f32d87f39152ea873970c54cb5b4934b12fee1885e",
    "https://deno.land/x/cliffy@v0.25.4/command/upgrade/upgrade_command.ts": "3640a287d914190241ea1e636774b1b4b0e1828fa75119971dd5304784061e05",
    "https://deno.land/x/cliffy@v0.25.4/flags/_errors.ts": "f1fbb6bfa009e7950508c9d491cfb4a5551027d9f453389606adb3f2327d048f",
    "https://deno.land/x/cliffy@v0.25.4/flags/_utils.ts": "340d3ecab43cde9489187e1f176504d2c58485df6652d1cdd907c0e9c3ce4cc2",
    "https://deno.land/x/cliffy@v0.25.4/flags/_validate_flags.ts": "16eb5837986c6f6f7620817820161a78d66ce92d690e3697068726bbef067452",
    "https://deno.land/x/cliffy@v0.25.4/flags/deprecated.ts": "a72a35de3cc7314e5ebea605ca23d08385b218ef171c32a3f135fb4318b08126",
    "https://deno.land/x/cliffy@v0.25.4/flags/flags.ts": "68a9dfcacc4983a84c07ba19b66e5e9fccd04389fad215210c60fb414cc62576",
    "https://deno.land/x/cliffy@v0.25.4/flags/types.ts": "7452ea5296758fb7af89930349ce40d8eb9a43b24b3f5759283e1cb5113075fd",
    "https://deno.land/x/cliffy@v0.25.4/flags/types/boolean.ts": "b21be165b49b8517372361642cffaeaa4f4bb69637994a9762ceba642fe39676",
    "https://deno.land/x/cliffy@v0.25.4/flags/types/integer.ts": "b60d4d590f309ddddf066782d43e4dc3799f0e7d08e5ede7dc62a5ee94b9a6d9",
    "https://deno.land/x/cliffy@v0.25.4/flags/types/number.ts": "610936e2d29de7c8c304b65489a75ebae17b005c6122c24e791fbed12444d51e",
    "https://deno.land/x/cliffy@v0.25.4/flags/types/string.ts": "e89b6a5ce322f65a894edecdc48b44956ec246a1d881f03e97bbda90dd8638c5",
    "https://deno.land/x/cliffy@v0.25.4/table/border.ts": "2514abae4e4f51eda60a5f8c927ba24efd464a590027e900926b38f68e01253c",
    "https://deno.land/x/cliffy@v0.25.4/table/cell.ts": "1d787d8006ac8302020d18ec39f8d7f1113612c20801b973e3839de9c3f8b7b3",
    "https://deno.land/x/cliffy@v0.25.4/table/deps.ts": "e61aab0abd205058aba0e6a74ee9f25dd2f4127d41c8cc41146c7a81b5bc6a81",
    "https://deno.land/x/cliffy@v0.25.4/table/layout.ts": "46bf10ae5430cf4fbb92f23d588230e9c6336edbdb154e5c9581290562b169f4",
    "https://deno.land/x/cliffy@v0.25.4/table/row.ts": "5f519ba7488d2ef76cbbf50527f10f7957bfd668ce5b9169abbc44ec88302645",
    "https://deno.land/x/cliffy@v0.25.4/table/table.ts": "ec204c9d08bb3ff1939c5ac7412a4c9ed7d00925d4fc92aff9bfe07bd269258d",
    "https://deno.land/x/cliffy@v0.25.4/table/utils.ts": "187bb7dcbcfb16199a5d906113f584740901dfca1007400cba0df7dcd341bc29",
    "https://deno.land/x/deno_cli_help@1.0.1/mod.ts": "c448abcf89d46e8ba2cd9912c8a8f40e9d6d497b8208f4ccf418f27a3009c24e",
    "https://raw.githubusercontent.com/timharek/d-yr/v1.2.0/deps.ts": "ece006fe6d3c89050e7d053f207f31f6c23f5c8febadd9c7c826a3462583e717",
    "https://raw.githubusercontent.com/timharek/d-yr/v1.2.0/mod.d.ts": "46808ef269c94f4707b28ff20077f65cc5ee3e19131794b8e8382cbd01858e76",
    "https://raw.githubusercontent.com/timharek/d-yr/v1.2.0/mod.ts": "9669a26a6bb3d17882c97a37f6867844813519a9067b6179375b5fcc7c45e4bc",
    "https://raw.githubusercontent.com/timharek/d-yr/v1.2.0/src/config.ts": "cccd1fcac5ba0a33879c8512515f58904e653e4b4cc23164be6f6dd5903c1990",
    "https://raw.githubusercontent.com/timharek/d-yr/v1.2.0/src/nominatim.ts": "29e17b2e286daee3d6d1f89fe86362e563d53ec1d1f1bb2c32f8a3941bc9ac73",
    "https://raw.githubusercontent.com/timharek/d-yr/v1.2.0/src/yr.ts": "3fb577576875f2f1aaa027c65d6b2fcb413749b4cc97f9ba86139ae5c4202edc"
  }
}
